
Microsoft Visual Studio Solution File, Format Version 12.00
# Visual Studio Version 17
VisualStudioVersion = 17.14.36221.1 d17.14
MinimumVisualStudioVersion = 10.0.40219.1
Project("{FAE04EC0-301F-11D3-BF4B-00C04F79EFBC}") = "Loops and Array", "Loops and Array\Loops and Array.csproj", "{F9461D42-E57E-4B00-B8C1-734E867ADAC1}"
EndProject
Global
	GlobalSection(SolutionConfigurationPlatforms) = preSolution
		Debug|Any CPU = Debug|Any CPU
		Release|Any CPU = Release|Any CPU
	EndGlobalSection
	GlobalSection(ProjectConfigurationPlatforms) = postSolution
		{F9461D42-E57E-4B00-B8C1-734E867ADAC1}.Debug|Any CPU.ActiveCfg = Debug|Any CPU
		{F9461D42-E57E-4B00-B8C1-734E867ADAC1}.Debug|Any CPU.Build.0 = Debug|Any CPU
		{F9461D42-E57E-4B00-B8C1-734E867ADAC1}.Release|Any CPU.ActiveCfg = Release|Any CPU
		{F9461D42-E57E-4B00-B8C1-734E867ADAC1}.Release|Any CPU.Build.0 = Release|Any CPU
	EndGlobalSection
	GlobalSection(SolutionProperties) = preSolution
		HideSolutionNode = FALSE
	EndGlobalSection
	GlobalSection(ExtensibilityGlobals) = postSolution
		SolutionGuid = {4AA9FD85-AB77-40D1-92BD-3CDEB32764CD}
	EndGlobalSection
EndGlobal
