
Microsoft Visual Studio Solution File, Format Version 12.00
# Visual Studio Version 17
VisualStudioVersion = 17.14.36221.1 d17.14
MinimumVisualStudioVersion = 10.0.40219.1
Project("{FAE04EC0-301F-11D3-BF4B-00C04F79EFBC}") = "Player App", "Player App\Player App.csproj", "{CD6FE5BA-27D6-4EF0-BD47-33DE43F6A086}"
EndProject
Global
	GlobalSection(SolutionConfigurationPlatforms) = preSolution
		Debug|Any CPU = Debug|Any CPU
		Release|Any CPU = Release|Any CPU
	EndGlobalSection
	GlobalSection(ProjectConfigurationPlatforms) = postSolution
		{CD6FE5BA-27D6-4EF0-BD47-33DE43F6A086}.Debug|Any CPU.ActiveCfg = Debug|Any CPU
		{CD6FE5BA-27D6-4EF0-BD47-33DE43F6A086}.Debug|Any CPU.Build.0 = Debug|Any CPU
		{CD6FE5BA-27D6-4EF0-BD47-33DE43F6A086}.Release|Any CPU.ActiveCfg = Release|Any CPU
		{CD6FE5BA-27D6-4EF0-BD47-33DE43F6A086}.Release|Any CPU.Build.0 = Release|Any CPU
	EndGlobalSection
	GlobalSection(SolutionProperties) = preSolution
		HideSolutionNode = FALSE
	EndGlobalSection
	GlobalSection(ExtensibilityGlobals) = postSolution
		SolutionGuid = {484A1870-AD36-4D45-9B47-8BE9B1BA1D72}
	EndGlobalSection
EndGlobal
