
Microsoft Visual Studio Solution File, Format Version 12.00
# Visual Studio Version 17
VisualStudioVersion = 17.14.36221.1 d17.14
MinimumVisualStudioVersion = 10.0.40219.1
Project("{FAE04EC0-301F-11D3-BF4B-00C04F79EFBC}") = "Planet Gravity Enum", "Planet Gravity Enum\Planet Gravity Enum.csproj", "{0D29B6B2-C904-40C1-8E51-D89DDEC36F04}"
EndProject
Global
	GlobalSection(SolutionConfigurationPlatforms) = preSolution
		Debug|Any CPU = Debug|Any CPU
		Release|Any CPU = Release|Any CPU
	EndGlobalSection
	GlobalSection(ProjectConfigurationPlatforms) = postSolution
		{0D29B6B2-C904-40C1-8E51-D89DDEC36F04}.Debug|Any CPU.ActiveCfg = Debug|Any CPU
		{0D29B6B2-C904-40C1-8E51-D89DDEC36F04}.Debug|Any CPU.Build.0 = Debug|Any CPU
		{0D29B6B2-C904-40C1-8E51-D89DDEC36F04}.Release|Any CPU.ActiveCfg = Release|Any CPU
		{0D29B6B2-C904-40C1-8E51-D89DDEC36F04}.Release|Any CPU.Build.0 = Release|Any CPU
	EndGlobalSection
	GlobalSection(SolutionProperties) = preSolution
		HideSolutionNode = FALSE
	EndGlobalSection
	GlobalSection(ExtensibilityGlobals) = postSolution
		SolutionGuid = {FDD6E52E-237B-4EFB-B67B-0FB85E5A26FD}
	EndGlobalSection
EndGlobal
