
Microsoft Visual Studio Solution File, Format Version 12.00
# Visual Studio Version 17
VisualStudioVersion = 17.14.36203.30 d17.14
MinimumVisualStudioVersion = 10.0.40219.1
Project("{FAE04EC0-301F-11D3-BF4B-00C04F79EFBC}") = "StudentGradingSystem", "StudentGradingSystem.csproj", "{8882445D-DFFB-41AE-920A-7F2E65A3F23E}"
EndProject
Global
	GlobalSection(SolutionConfigurationPlatforms) = preSolution
		Debug|Any CPU = Debug|Any CPU
		Release|Any CPU = Release|Any CPU
	EndGlobalSection
	GlobalSection(ProjectConfigurationPlatforms) = postSolution
		{8882445D-DFFB-41AE-920A-7F2E65A3F23E}.Debug|Any CPU.ActiveCfg = Debug|Any CPU
		{8882445D-DFFB-41AE-920A-7F2E65A3F23E}.Debug|Any CPU.Build.0 = Debug|Any CPU
		{8882445D-DFFB-41AE-920A-7F2E65A3F23E}.Release|Any CPU.ActiveCfg = Release|Any CPU
		{8882445D-DFFB-41AE-920A-7F2E65A3F23E}.Release|Any CPU.Build.0 = Release|Any CPU
	EndGlobalSection
	GlobalSection(SolutionProperties) = preSolution
		HideSolutionNode = FALSE
	EndGlobalSection
	GlobalSection(ExtensibilityGlobals) = postSolution
		SolutionGuid = {50589A94-6DB3-4B97-B595-47020A854224}
	EndGlobalSection
EndGlobal
