
Microsoft Visual Studio Solution File, Format Version 12.00
# Visual Studio Version 17
VisualStudioVersion = 17.14.36221.1 d17.14
MinimumVisualStudioVersion = 10.0.40219.1
Project("{FAE04EC0-301F-11D3-BF4B-00C04F79EFBC}") = "Book Discount App", "Book Discount App\Book Discount App.csproj", "{1FAE3D43-4CBB-4AC2-B276-C4C585B0FB78}"
EndProject
Global
	GlobalSection(SolutionConfigurationPlatforms) = preSolution
		Debug|Any CPU = Debug|Any CPU
		Release|Any CPU = Release|Any CPU
	EndGlobalSection
	GlobalSection(ProjectConfigurationPlatforms) = postSolution
		{1FAE3D43-4CBB-4AC2-B276-C4C585B0FB78}.Debug|Any CPU.ActiveCfg = Debug|Any CPU
		{1FAE3D43-4CBB-4AC2-B276-C4C585B0FB78}.Debug|Any CPU.Build.0 = Debug|Any CPU
		{1FAE3D43-4CBB-4AC2-B276-C4C585B0FB78}.Release|Any CPU.ActiveCfg = Release|Any CPU
		{1FAE3D43-4CBB-4AC2-B276-C4C585B0FB78}.Release|Any CPU.Build.0 = Release|Any CPU
	EndGlobalSection
	GlobalSection(SolutionProperties) = preSolution
		HideSolutionNode = FALSE
	EndGlobalSection
	GlobalSection(ExtensibilityGlobals) = postSolution
		SolutionGuid = {5CC3AC10-F66D-4549-AE7F-E590FA08EE18}
	EndGlobalSection
EndGlobal
