
Microsoft Visual Studio Solution File, Format Version 12.00
# Visual Studio Version 17
VisualStudioVersion = 17.14.36221.1 d17.14
MinimumVisualStudioVersion = 10.0.40219.1
Project("{FAE04EC0-301F-11D3-BF4B-00C04F79EFBC}") = "CRUD on List", "CRUD on List\CRUD on List.csproj", "{2C706520-2DE3-4C9C-A8EC-5FB4DD9BF638}"
EndProject
Global
	GlobalSection(SolutionConfigurationPlatforms) = preSolution
		Debug|Any CPU = Debug|Any CPU
		Release|Any CPU = Release|Any CPU
	EndGlobalSection
	GlobalSection(ProjectConfigurationPlatforms) = postSolution
		{2C706520-2DE3-4C9C-A8EC-5FB4DD9BF638}.Debug|Any CPU.ActiveCfg = Debug|Any CPU
		{2C706520-2DE3-4C9C-A8EC-5FB4DD9BF638}.Debug|Any CPU.Build.0 = Debug|Any CPU
		{2C706520-2DE3-4C9C-A8EC-5FB4DD9BF638}.Release|Any CPU.ActiveCfg = Release|Any CPU
		{2C706520-2DE3-4C9C-A8EC-5FB4DD9BF638}.Release|Any CPU.Build.0 = Release|Any CPU
	EndGlobalSection
	GlobalSection(SolutionProperties) = preSolution
		HideSolutionNode = FALSE
	EndGlobalSection
	GlobalSection(ExtensibilityGlobals) = postSolution
		SolutionGuid = {0A306918-0F2B-447F-9F46-D041BB47D274}
	EndGlobalSection
EndGlobal
