
Microsoft Visual Studio Solution File, Format Version 12.00
# Visual Studio Version 17
VisualStudioVersion = 17.14.36221.1 d17.14
MinimumVisualStudioVersion = 10.0.40219.1
Project("{FAE04EC0-301F-11D3-BF4B-00C04F79EFBC}") = "In and Out POC", "In and Out POC\In and Out POC.csproj", "{20385B6C-29DD-4135-99BE-5A112F3899F2}"
EndProject
Global
	GlobalSection(SolutionConfigurationPlatforms) = preSolution
		Debug|Any CPU = Debug|Any CPU
		Release|Any CPU = Release|Any CPU
	EndGlobalSection
	GlobalSection(ProjectConfigurationPlatforms) = postSolution
		{20385B6C-29DD-4135-99BE-5A112F3899F2}.Debug|Any CPU.ActiveCfg = Debug|Any CPU
		{20385B6C-29DD-4135-99BE-5A112F3899F2}.Debug|Any CPU.Build.0 = Debug|Any CPU
		{20385B6C-29DD-4135-99BE-5A112F3899F2}.Release|Any CPU.ActiveCfg = Release|Any CPU
		{20385B6C-29DD-4135-99BE-5A112F3899F2}.Release|Any CPU.Build.0 = Release|Any CPU
	EndGlobalSection
	GlobalSection(SolutionProperties) = preSolution
		HideSolutionNode = FALSE
	EndGlobalSection
	GlobalSection(ExtensibilityGlobals) = postSolution
		SolutionGuid = {D829C359-D3E8-4C22-869F-590D36F97A6E}
	EndGlobalSection
EndGlobal
